// !$*UTF8*$!
{
	archiveVersion = 1;
	classes = {
	};
	objectVersion = 56;
	objects = {

/* Begin PBXBuildFile section */
		ACF1AC662C8B0ABF0067A9AC /* AppDelegate.swift in Sources */ = {isa = PBXBuildFile; fileRef = ACF1AC652C8B0ABF0067A9AC /* AppDelegate.swift */; };
		ACF1AC682C8B0ABF0067A9AC /* SceneDelegate.swift in Sources */ = {isa = PBXBuildFile; fileRef = ACF1AC672C8B0ABF0067A9AC /* SceneDelegate.swift */; };
		ACF1AC6A2C8B0ABF0067A9AC /* ViewController.swift in Sources */ = {isa = PBXBuildFile; fileRef = ACF1AC692C8B0ABF0067A9AC /* ViewController.swift */; };
		ACF1AC6D2C8B0ABF0067A9AC /* Base in Resources */ = {isa = PBXBuildFile; fileRef = ACF1AC6C2C8B0ABF0067A9AC /* Base */; };
		ACF1AC6F2C8B0AC10067A9AC /* Assets.xcassets in Resources */ = {isa = PBXBuildFile; fileRef = ACF1AC6E2C8B0AC10067A9AC /* Assets.xcassets */; };
		ACF1AC722C8B0AC10067A9AC /* Base in Resources */ = {isa = PBXBuildFile; fileRef = ACF1AC712C8B0AC10067A9AC /* Base */; };
		ACF1AC7D2C8B0AC10067A9AC /* TabBarStoryboardTests.swift in Sources */ = {isa = PBXBuildFile; fileRef = ACF1AC7C2C8B0AC10067A9AC /* TabBarStoryboardTests.swift */; };
		ACF1AC872C8B0AC10067A9AC /* TabBarStoryboardUITests.swift in Sources */ = {isa = PBXBuildFile; fileRef = ACF1AC862C8B0AC10067A9AC /* TabBarStoryboardUITests.swift */; };
		ACF1AC892C8B0AC10067A9AC /* TabBarStoryboardUITestsLaunchTests.swift in Sources */ = {isa = PBXBuildFile; fileRef = ACF1AC882C8B0AC10067A9AC /* TabBarStoryboardUITestsLaunchTests.swift */; };
/* End PBXBuildFile section */

/* Begin PBXContainerItemProxy section */
		ACF1AC792C8B0AC10067A9AC /* PBXContainerItemProxy */ = {
			isa = PBXContainerItemProxy;
			containerPortal = ACF1AC5A2C8B0ABF0067A9AC /* Project object */;
			proxyType = 1;
			remoteGlobalIDString = ACF1AC612C8B0ABF0067A9AC;
			remoteInfo = TabBarStoryboard;
		};
		ACF1AC832C8B0AC10067A9AC /* PBXContainerItemProxy */ = {
			isa = PBXContainerItemProxy;
			containerPortal = ACF1AC5A2C8B0ABF0067A9AC /* Project object */;
			proxyType = 1;
			remoteGlobalIDString = ACF1AC612C8B0ABF0067A9AC;
			remoteInfo = TabBarStoryboard;
		};
/* End PBXContainerItemProxy section */

/* Begin PBXFileReference section */
		ACF1AC622C8B0ABF0067A9AC /* TabBarStoryboard.app */ = {isa = PBXFileReference; explicitFileType = wrapper.application; includeInIndex = 0; path = TabBarStoryboard.app; sourceTree = BUILT_PRODUCTS_DIR; };
		ACF1AC652C8B0ABF0067A9AC /* AppDelegate.swift */ = {isa = PBXFileReference; lastKnownFileType = sourcecode.swift; path = AppDelegate.swift; sourceTree = "<group>"; };
		ACF1AC672C8B0ABF0067A9AC /* SceneDelegate.swift */ = {isa = PBXFileReference; lastKnownFileType = sourcecode.swift; path = SceneDelegate.swift; sourceTree = "<group>"; };
		ACF1AC692C8B0ABF0067A9AC /* ViewController.swift */ = {isa = PBXFileReference; lastKnownFileType = sourcecode.swift; path = ViewController.swift; sourceTree = "<group>"; };
		ACF1AC6C2C8B0ABF0067A9AC /* Base */ = {isa = PBXFileReference; lastKnownFileType = file.storyboard; name = Base; path = Base.lproj/Main.storyboard; sourceTree = "<group>"; };
		ACF1AC6E2C8B0AC10067A9AC /* Assets.xcassets */ = {isa = PBXFileReference; lastKnownFileType = folder.assetcatalog; path = Assets.xcassets; sourceTree = "<group>"; };
		ACF1AC712C8B0AC10067A9AC /* Base */ = {isa = PBXFileReference; lastKnownFileType = file.storyboard; name = Base; path = Base.lproj/LaunchScreen.storyboard; sourceTree = "<group>"; };
		ACF1AC732C8B0AC10067A9AC /* Info.plist */ = {isa = PBXFileReference; lastKnownFileType = text.plist.xml; path = Info.plist; sourceTree = "<group>"; };
		ACF1AC782C8B0AC10067A9AC /* TabBarStoryboardTests.xctest */ = {isa = PBXFileReference; explicitFileType = wrapper.cfbundle; includeInIndex = 0; path = TabBarStoryboardTests.xctest; sourceTree = BUILT_PRODUCTS_DIR; };
		ACF1AC7C2C8B0AC10067A9AC /* TabBarStoryboardTests.swift */ = {isa = PBXFileReference; lastKnownFileType = sourcecode.swift; path = TabBarStoryboardTests.swift; sourceTree = "<group>"; };
		ACF1AC822C8B0AC10067A9AC /* TabBarStoryboardUITests.xctest */ = {isa = PBXFileReference; explicitFileType = wrapper.cfbundle; includeInIndex = 0; path = TabBarStoryboardUITests.xctest; sourceTree = BUILT_PRODUCTS_DIR; };
		ACF1AC862C8B0AC10067A9AC /* TabBarStoryboardUITests.swift */ = {isa = PBXFileReference; lastKnownFileType = sourcecode.swift; path = TabBarStoryboardUITests.swift; sourceTree = "<group>"; };
		ACF1AC882C8B0AC10067A9AC /* TabBarStoryboardUITestsLaunchTests.swift */ = {isa = PBXFileReference; lastKnownFileType = sourcecode.swift; path = TabBarStoryboardUITestsLaunchTests.swift; sourceTree = "<group>"; };
/* End PBXFileReference section */

/* Begin PBXFrameworksBuildPhase section */
		ACF1AC5F2C8B0ABF0067A9AC /* Frameworks */ = {
			isa = PBXFrameworksBuildPhase;
			buildActionMask = 2147483647;
			files = (
			);
			runOnlyForDeploymentPostprocessing = 0;
		};
		ACF1AC752C8B0AC10067A9AC /* Frameworks */ = {
			isa = PBXFrameworksBuildPhase;
			buildActionMask = 2147483647;
			files = (
			);
			runOnlyForDeploymentPostprocessing = 0;
		};
		ACF1AC7F2C8B0AC10067A9AC /* Frameworks */ = {
			isa = PBXFrameworksBuildPhase;
			buildActionMask = 2147483647;
			files = (
			);
			runOnlyForDeploymentPostprocessing = 0;
		};
/* End PBXFrameworksBuildPhase section */

/* Begin PBXGroup section */
		ACF1AC592C8B0ABF0067A9AC = {
			isa = PBXGroup;
			children = (
				ACF1AC642C8B0ABF0067A9AC /* TabBarStoryboard */,
				ACF1AC7B2C8B0AC10067A9AC /* TabBarStoryboardTests */,
				ACF1AC852C8B0AC10067A9AC /* TabBarStoryboardUITests */,
				ACF1AC632C8B0ABF0067A9AC /* Products */,
			);
			sourceTree = "<group>";
		};
		ACF1AC632C8B0ABF0067A9AC /* Products */ = {
			isa = PBXGroup;
			children = (
				ACF1AC622C8B0ABF0067A9AC /* TabBarStoryboard.app */,
				ACF1AC782C8B0AC10067A9AC /* TabBarStoryboardTests.xctest */,
				ACF1AC822C8B0AC10067A9AC /* TabBarStoryboardUITests.xctest */,
			);
			name = Products;
			sourceTree = "<group>";
		};
		ACF1AC642C8B0ABF0067A9AC /* TabBarStoryboard */ = {
			isa = PBXGroup;
			children = (
				ACF1AC652C8B0ABF0067A9AC /* AppDelegate.swift */,
				ACF1AC672C8B0ABF0067A9AC /* SceneDelegate.swift */,
				ACF1AC692C8B0ABF0067A9AC /* ViewController.swift */,
				ACF1AC6B2C8B0ABF0067A9AC /* Main.storyboard */,
				ACF1AC6E2C8B0AC10067A9AC /* Assets.xcassets */,
				ACF1AC702C8B0AC10067A9AC /* LaunchScreen.storyboard */,
				ACF1AC732C8B0AC10067A9AC /* Info.plist */,
			);
			path = TabBarStoryboard;
			sourceTree = "<group>";
		};
		ACF1AC7B2C8B0AC10067A9AC /* TabBarStoryboardTests */ = {
			isa = PBXGroup;
			children = (
				ACF1AC7C2C8B0AC10067A9AC /* TabBarStoryboardTests.swift */,
			);
			path = TabBarStoryboardTests;
			sourceTree = "<group>";
		};
		ACF1AC852C8B0AC10067A9AC /* TabBarStoryboardUITests */ = {
			isa = PBXGroup;
			children = (
				ACF1AC862C8B0AC10067A9AC /* TabBarStoryboardUITests.swift */,
				ACF1AC882C8B0AC10067A9AC /* TabBarStoryboardUITestsLaunchTests.swift */,
			);
			path = TabBarStoryboardUITests;
			sourceTree = "<group>";
		};
/* End PBXGroup section */

/* Begin PBXNativeTarget section */
		ACF1AC612C8B0ABF0067A9AC /* TabBarStoryboard */ = {
			isa = PBXNativeTarget;
			buildConfigurationList = ACF1AC8C2C8B0AC10067A9AC /* Build configuration list for PBXNativeTarget "TabBarStoryboard" */;
			buildPhases = (
				ACF1AC5E2C8B0ABF0067A9AC /* Sources */,
				ACF1AC5F2C8B0ABF0067A9AC /* Frameworks */,
				ACF1AC602C8B0ABF0067A9AC /* Resources */,
			);
			buildRules = (
			);
			dependencies = (
			);
			name = TabBarStoryboard;
			productName = TabBarStoryboard;
			productReference = ACF1AC622C8B0ABF0067A9AC /* TabBarStoryboard.app */;
			productType = "com.apple.product-type.application";
		};
		ACF1AC772C8B0AC10067A9AC /* TabBarStoryboardTests */ = {
			isa = PBXNativeTarget;
			buildConfigurationList = ACF1AC8F2C8B0AC10067A9AC /* Build configuration list for PBXNativeTarget "TabBarStoryboardTests" */;
			buildPhases = (
				ACF1AC742C8B0AC10067A9AC /* Sources */,
				ACF1AC752C8B0AC10067A9AC /* Frameworks */,
				ACF1AC762C8B0AC10067A9AC /* Resources */,
			);
			buildRules = (
			);
			dependencies = (
				ACF1AC7A2C8B0AC10067A9AC /* PBXTargetDependency */,
			);
			name = TabBarStoryboardTests;
			productName = TabBarStoryboardTests;
			productReference = ACF1AC782C8B0AC10067A9AC /* TabBarStoryboardTests.xctest */;
			productType = "com.apple.product-type.bundle.unit-test";
		};
		ACF1AC812C8B0AC10067A9AC /* TabBarStoryboardUITests */ = {
			isa = PBXNativeTarget;
			buildConfigurationList = ACF1AC922C8B0AC10067A9AC /* Build configuration list for PBXNativeTarget "TabBarStoryboardUITests" */;
			buildPhases = (
				ACF1AC7E2C8B0AC10067A9AC /* Sources */,
				ACF1AC7F2C8B0AC10067A9AC /* Frameworks */,
				ACF1AC802C8B0AC10067A9AC /* Resources */,
			);
			buildRules = (
			);
			dependencies = (
				ACF1AC842C8B0AC10067A9AC /* PBXTargetDependency */,
			);
			name = TabBarStoryboardUITests;
			productName = TabBarStoryboardUITests;
			productReference = ACF1AC822C8B0AC10067A9AC /* TabBarStoryboardUITests.xctest */;
			productType = "com.apple.product-type.bundle.ui-testing";
		};
/* End PBXNativeTarget section */

/* Begin PBXProject section */
		ACF1AC5A2C8B0ABF0067A9AC /* Project object */ = {
			isa = PBXProject;
			attributes = {
				BuildIndependentTargetsInParallel = 1;
				LastSwiftUpdateCheck = 1540;
				LastUpgradeCheck = 1540;
				TargetAttributes = {
					ACF1AC612C8B0ABF0067A9AC = {
						CreatedOnToolsVersion = 15.4;
					};
					ACF1AC772C8B0AC10067A9AC = {
						CreatedOnToolsVersion = 15.4;
						TestTargetID = ACF1AC612C8B0ABF0067A9AC;
					};
					ACF1AC812C8B0AC10067A9AC = {
						CreatedOnToolsVersion = 15.4;
						TestTargetID = ACF1AC612C8B0ABF0067A9AC;
					};
				};
			};
			buildConfigurationList = ACF1AC5D2C8B0ABF0067A9AC /* Build configuration list for PBXProject "TabBarStoryboard" */;
			compatibilityVersion = "Xcode 14.0";
			developmentRegion = en;
			hasScannedForEncodings = 0;
			knownRegions = (
				en,
				Base,
			);
			mainGroup = ACF1AC592C8B0ABF0067A9AC;
			productRefGroup = ACF1AC632C8B0ABF0067A9AC /* Products */;
			projectDirPath = "";
			projectRoot = "";
			targets = (
				ACF1AC612C8B0ABF0067A9AC /* TabBarStoryboard */,
				ACF1AC772C8B0AC10067A9AC /* TabBarStoryboardTests */,
				ACF1AC812C8B0AC10067A9AC /* TabBarStoryboardUITests */,
			);
		};
/* End PBXProject section */

/* Begin PBXResourcesBuildPhase section */
		ACF1AC602C8B0ABF0067A9AC /* Resources */ = {
			isa = PBXResourcesBuildPhase;
			buildActionMask = 2147483647;
			files = (
				ACF1AC6F2C8B0AC10067A9AC /* Assets.xcassets in Resources */,
				ACF1AC722C8B0AC10067A9AC /* Base in Resources */,
				ACF1AC6D2C8B0ABF0067A9AC /* Base in Resources */,
			);
			runOnlyForDeploymentPostprocessing = 0;
		};
		ACF1AC762C8B0AC10067A9AC /* Resources */ = {
			isa = PBXResourcesBuildPhase;
			buildActionMask = 2147483647;
			files = (
			);
			runOnlyForDeploymentPostprocessing = 0;
		};
		ACF1AC802C8B0AC10067A9AC /* Resources */ = {
			isa = PBXResourcesBuildPhase;
			buildActionMask = 2147483647;
			files = (
			);
			runOnlyForDeploymentPostprocessing = 0;
		};
/* End PBXResourcesBuildPhase section */

/* Begin PBXSourcesBuildPhase section */
		ACF1AC5E2C8B0ABF0067A9AC /* Sources */ = {
			isa = PBXSourcesBuildPhase;
			buildActionMask = 2147483647;
			files = (
				ACF1AC6A2C8B0ABF0067A9AC /* ViewController.swift in Sources */,
				ACF1AC662C8B0ABF0067A9AC /* AppDelegate.swift in Sources */,
				ACF1AC682C8B0ABF0067A9AC /* SceneDelegate.swift in Sources */,
			);
			runOnlyForDeploymentPostprocessing = 0;
		};
		ACF1AC742C8B0AC10067A9AC /* Sources */ = {
			isa = PBXSourcesBuildPhase;
			buildActionMask = 2147483647;
			files = (
				ACF1AC7D2C8B0AC10067A9AC /* TabBarStoryboardTests.swift in Sources */,
			);
			runOnlyForDeploymentPostprocessing = 0;
		};
		ACF1AC7E2C8B0AC10067A9AC /* Sources */ = {
			isa = PBXSourcesBuildPhase;
			buildActionMask = 2147483647;
			files = (
				ACF1AC872C8B0AC10067A9AC /* TabBarStoryboardUITests.swift in Sources */,
				ACF1AC892C8B0AC10067A9AC /* TabBarStoryboardUITestsLaunchTests.swift in Sources */,
			);
			runOnlyForDeploymentPostprocessing = 0;
		};
/* End PBXSourcesBuildPhase section */

/* Begin PBXTargetDependency section */
		ACF1AC7A2C8B0AC10067A9AC /* PBXTargetDependency */ = {
			isa = PBXTargetDependency;
			target = ACF1AC612C8B0ABF0067A9AC /* TabBarStoryboard */;
			targetProxy = ACF1AC792C8B0AC10067A9AC /* PBXContainerItemProxy */;
		};
		ACF1AC842C8B0AC10067A9AC /* PBXTargetDependency */ = {
			isa = PBXTargetDependency;
			target = ACF1AC612C8B0ABF0067A9AC /* TabBarStoryboard */;
			targetProxy = ACF1AC832C8B0AC10067A9AC /* PBXContainerItemProxy */;
		};
/* End PBXTargetDependency section */

/* Begin PBXVariantGroup section */
		ACF1AC6B2C8B0ABF0067A9AC /* Main.storyboard */ = {
			isa = PBXVariantGroup;
			children = (
				ACF1AC6C2C8B0ABF0067A9AC /* Base */,
			);
			name = Main.storyboard;
			sourceTree = "<group>";
		};
		ACF1AC702C8B0AC10067A9AC /* LaunchScreen.storyboard */ = {
			isa = PBXVariantGroup;
			children = (
				ACF1AC712C8B0AC10067A9AC /* Base */,
			);
			name = LaunchScreen.storyboard;
			sourceTree = "<group>";
		};
/* End PBXVariantGroup section */

/* Begin XCBuildConfiguration section */
		ACF1AC8A2C8B0AC10067A9AC /* Debug */ = {
			isa = XCBuildConfiguration;
			buildSettings = {
				ALWAYS_SEARCH_USER_PATHS = NO;
				ASSETCATALOG_COMPILER_GENERATE_SWIFT_ASSET_SYMBOL_EXTENSIONS = YES;
				CLANG_ANALYZER_NONNULL = YES;
				CLANG_ANALYZER_NUMBER_OBJECT_CONVERSION = YES_AGGRESSIVE;
				CLANG_CXX_LANGUAGE_STANDARD = "gnu++20";
				CLANG_ENABLE_MODULES = YES;
				CLANG_ENABLE_OBJC_ARC = YES;
				CLANG_ENABLE_OBJC_WEAK = YES;
				CLANG_WARN_BLOCK_CAPTURE_AUTORELEASING = YES;
				CLANG_WARN_BOOL_CONVERSION = YES;
				CLANG_WARN_COMMA = YES;
				CLANG_WARN_CONSTANT_CONVERSION = YES;
				CLANG_WARN_DEPRECATED_OBJC_IMPLEMENTATIONS = YES;
				CLANG_WARN_DIRECT_OBJC_ISA_USAGE = YES_ERROR;
				CLANG_WARN_DOCUMENTATION_COMMENTS = YES;
				CLANG_WARN_EMPTY_BODY = YES;
				CLANG_WARN_ENUM_CONVERSION = YES;
				CLANG_WARN_INFINITE_RECURSION = YES;
				CLANG_WARN_INT_CONVERSION = YES;
				CLANG_WARN_NON_LITERAL_NULL_CONVERSION = YES;
				CLANG_WARN_OBJC_IMPLICIT_RETAIN_SELF = YES;
				CLANG_WARN_OBJC_LITERAL_CONVERSION = YES;
				CLANG_WARN_OBJC_ROOT_CLASS = YES_ERROR;
				CLANG_WARN_QUOTED_INCLUDE_IN_FRAMEWORK_HEADER = YES;
				CLANG_WARN_RANGE_LOOP_ANALYSIS = YES;
				CLANG_WARN_STRICT_PROTOTYPES = YES;
				CLANG_WARN_SUSPICIOUS_MOVE = YES;
				CLANG_WARN_UNGUARDED_AVAILABILITY = YES_AGGRESSIVE;
				CLANG_WARN_UNREACHABLE_CODE = YES;
				CLANG_WARN__DUPLICATE_METHOD_MATCH = YES;
				COPY_PHASE_STRIP = NO;
				DEBUG_INFORMATION_FORMAT = dwarf;
				ENABLE_STRICT_OBJC_MSGSEND = YES;
				ENABLE_TESTABILITY = YES;
				ENABLE_USER_SCRIPT_SANDBOXING = YES;
				GCC_C_LANGUAGE_STANDARD = gnu17;
				GCC_DYNAMIC_NO_PIC = NO;
				GCC_NO_COMMON_BLOCKS = YES;
				GCC_OPTIMIZATION_LEVEL = 0;
				GCC_PREPROCESSOR_DEFINITIONS = (
					"DEBUG=1",
					"$(inherited)",
				);
				GCC_WARN_64_TO_32_BIT_CONVERSION = YES;
				GCC_WARN_ABOUT_RETURN_TYPE = YES_ERROR;
				GCC_WARN_UNDECLARED_SELECTOR = YES;
				GCC_WARN_UNINITIALIZED_AUTOS = YES_AGGRESSIVE;
				GCC_WARN_UNUSED_FUNCTION = YES;
				GCC_WARN_UNUSED_VARIABLE = YES;
				IPHONEOS_DEPLOYMENT_TARGET = 17.5;
				LOCALIZATION_PREFERS_STRING_CATALOGS = YES;
				MTL_ENABLE_DEBUG_INFO = INCLUDE_SOURCE;
				MTL_FAST_MATH = YES;
				ONLY_ACTIVE_ARCH = YES;
				SDKROOT = iphoneos;
				SWIFT_ACTIVE_COMPILATION_CONDITIONS = "DEBUG $(inherited)";
				SWIFT_OPTIMIZATION_LEVEL = "-Onone";
			};
			name = Debug;
		};
		ACF1AC8B2C8B0AC10067A9AC /* Release */ = {
			isa = XCBuildConfiguration;
			buildSettings = {
				ALWAYS_SEARCH_USER_PATHS = NO;
				ASSETCATALOG_COMPILER_GENERATE_SWIFT_ASSET_SYMBOL_EXTENSIONS = YES;
				CLANG_ANALYZER_NONNULL = YES;
				CLANG_ANALYZER_NUMBER_OBJECT_CONVERSION = YES_AGGRESSIVE;
				CLANG_CXX_LANGUAGE_STANDARD = "gnu++20";
				CLANG_ENABLE_MODULES = YES;
				CLANG_ENABLE_OBJC_ARC = YES;
				CLANG_ENABLE_OBJC_WEAK = YES;
				CLANG_WARN_BLOCK_CAPTURE_AUTORELEASING = YES;
				CLANG_WARN_BOOL_CONVERSION = YES;
				CLANG_WARN_COMMA = YES;
				CLANG_WARN_CONSTANT_CONVERSION = YES;
				CLANG_WARN_DEPRECATED_OBJC_IMPLEMENTATIONS = YES;
				CLANG_WARN_DIRECT_OBJC_ISA_USAGE = YES_ERROR;
				CLANG_WARN_DOCUMENTATION_COMMENTS = YES;
				CLANG_WARN_EMPTY_BODY = YES;
				CLANG_WARN_ENUM_CONVERSION = YES;
				CLANG_WARN_INFINITE_RECURSION = YES;
				CLANG_WARN_INT_CONVERSION = YES;
				CLANG_WARN_NON_LITERAL_NULL_CONVERSION = YES;
				CLANG_WARN_OBJC_IMPLICIT_RETAIN_SELF = YES;
				CLANG_WARN_OBJC_LITERAL_CONVERSION = YES;
				CLANG_WARN_OBJC_ROOT_CLASS = YES_ERROR;
				CLANG_WARN_QUOTED_INCLUDE_IN_FRAMEWORK_HEADER = YES;
				CLANG_WARN_RANGE_LOOP_ANALYSIS = YES;
				CLANG_WARN_STRICT_PROTOTYPES = YES;
				CLANG_WARN_SUSPICIOUS_MOVE = YES;
				CLANG_WARN_UNGUARDED_AVAILABILITY = YES_AGGRESSIVE;
				CLANG_WARN_UNREACHABLE_CODE = YES;
				CLANG_WARN__DUPLICATE_METHOD_MATCH = YES;
				COPY_PHASE_STRIP = NO;
				DEBUG_INFORMATION_FORMAT = "dwarf-with-dsym";
				ENABLE_NS_ASSERTIONS = NO;
				ENABLE_STRICT_OBJC_MSGSEND = YES;
				ENABLE_USER_SCRIPT_SANDBOXING = YES;
				GCC_C_LANGUAGE_STANDARD = gnu17;
				GCC_NO_COMMON_BLOCKS = YES;
				GCC_WARN_64_TO_32_BIT_CONVERSION = YES;
				GCC_WARN_ABOUT_RETURN_TYPE = YES_ERROR;
				GCC_WARN_UNDECLARED_SELECTOR = YES;
				GCC_WARN_UNINITIALIZED_AUTOS = YES_AGGRESSIVE;
				GCC_WARN_UNUSED_FUNCTION = YES;
				GCC_WARN_UNUSED_VARIABLE = YES;
				IPHONEOS_DEPLOYMENT_TARGET = 17.5;
				LOCALIZATION_PREFERS_STRING_CATALOGS = YES;
				MTL_ENABLE_DEBUG_INFO = NO;
				MTL_FAST_MATH = YES;
				SDKROOT = iphoneos;
				SWIFT_COMPILATION_MODE = wholemodule;
				VALIDATE_PRODUCT = YES;
			};
			name = Release;
		};
		ACF1AC8D2C8B0AC10067A9AC /* Debug */ = {
			isa = XCBuildConfiguration;
			buildSettings = {
				ASSETCATALOG_COMPILER_APPICON_NAME = AppIcon;
				ASSETCATALOG_COMPILER_GLOBAL_ACCENT_COLOR_NAME = AccentColor;
				CODE_SIGN_STYLE = Automatic;
				CURRENT_PROJECT_VERSION = 1;
				GENERATE_INFOPLIST_FILE = YES;
				INFOPLIST_FILE = TabBarStoryboard/Info.plist;
				INFOPLIST_KEY_UIApplicationSupportsIndirectInputEvents = YES;
				INFOPLIST_KEY_UILaunchStoryboardName = LaunchScreen;
				INFOPLIST_KEY_UIMainStoryboardFile = Main;
				INFOPLIST_KEY_UISupportedInterfaceOrientations_iPad = "UIInterfaceOrientationPortrait UIInterfaceOrientationPortraitUpsideDown UIInterfaceOrientationLandscapeLeft UIInterfaceOrientationLandscapeRight";
				INFOPLIST_KEY_UISupportedInterfaceOrientations_iPhone = "UIInterfaceOrientationPortrait UIInterfaceOrientationLandscapeLeft UIInterfaceOrientationLandscapeRight";
				LD_RUNPATH_SEARCH_PATHS = (
					"$(inherited)",
					"@executable_path/Frameworks",
				);
				MARKETING_VERSION = 1.0;
				PRODUCT_BUNDLE_IDENTIFIER = com.jbcodeapp.TabBarStoryboard;
				PRODUCT_NAME = "$(TARGET_NAME)";
				SWIFT_EMIT_LOC_STRINGS = YES;
				SWIFT_VERSION = 5.0;
				TARGETED_DEVICE_FAMILY = "1,2";
			};
			name = Debug;
		};
		ACF1AC8E2C8B0AC10067A9AC /* Release */ = {
			isa = XCBuildConfiguration;
			buildSettings = {
				ASSETCATALOG_COMPILER_APPICON_NAME = AppIcon;
				ASSETCATALOG_COMPILER_GLOBAL_ACCENT_COLOR_NAME = AccentColor;
				CODE_SIGN_STYLE = Automatic;
				CURRENT_PROJECT_VERSION = 1;
				GENERATE_INFOPLIST_FILE = YES;
				INFOPLIST_FILE = TabBarStoryboard/Info.plist;
				INFOPLIST_KEY_UIApplicationSupportsIndirectInputEvents = YES;
				INFOPLIST_KEY_UILaunchStoryboardName = LaunchScreen;
				INFOPLIST_KEY_UIMainStoryboardFile = Main;
				INFOPLIST_KEY_UISupportedInterfaceOrientations_iPad = "UIInterfaceOrientationPortrait UIInterfaceOrientationPortraitUpsideDown UIInterfaceOrientationLandscapeLeft UIInterfaceOrientationLandscapeRight";
				INFOPLIST_KEY_UISupportedInterfaceOrientations_iPhone = "UIInterfaceOrientationPortrait UIInterfaceOrientationLandscapeLeft UIInterfaceOrientationLandscapeRight";
				LD_RUNPATH_SEARCH_PATHS = (
					"$(inherited)",
					"@executable_path/Frameworks",
				);
				MARKETING_VERSION = 1.0;
				PRODUCT_BUNDLE_IDENTIFIER = com.jbcodeapp.TabBarStoryboard;
				PRODUCT_NAME = "$(TARGET_NAME)";
				SWIFT_EMIT_LOC_STRINGS = YES;
				SWIFT_VERSION = 5.0;
				TARGETED_DEVICE_FAMILY = "1,2";
			};
			name = Release;
		};
		ACF1AC902C8B0AC10067A9AC /* Debug */ = {
			isa = XCBuildConfiguration;
			buildSettings = {
				ALWAYS_EMBED_SWIFT_STANDARD_LIBRARIES = YES;
				BUNDLE_LOADER = "$(TEST_HOST)";
				CODE_SIGN_STYLE = Automatic;
				CURRENT_PROJECT_VERSION = 1;
				GENERATE_INFOPLIST_FILE = YES;
				IPHONEOS_DEPLOYMENT_TARGET = 17.5;
				MARKETING_VERSION = 1.0;
				PRODUCT_BUNDLE_IDENTIFIER = com.jbcodeapp.TabBarStoryboardTests;
				PRODUCT_NAME = "$(TARGET_NAME)";
				SWIFT_EMIT_LOC_STRINGS = NO;
				SWIFT_VERSION = 5.0;
				TARGETED_DEVICE_FAMILY = "1,2";
				TEST_HOST = "$(BUILT_PRODUCTS_DIR)/TabBarStoryboard.app/$(BUNDLE_EXECUTABLE_FOLDER_PATH)/TabBarStoryboard";
			};
			name = Debug;
		};
		ACF1AC912C8B0AC10067A9AC /* Release */ = {
			isa = XCBuildConfiguration;
			buildSettings = {
				ALWAYS_EMBED_SWIFT_STANDARD_LIBRARIES = YES;
				BUNDLE_LOADER = "$(TEST_HOST)";
				CODE_SIGN_STYLE = Automatic;
				CURRENT_PROJECT_VERSION = 1;
				GENERATE_INFOPLIST_FILE = YES;
				IPHONEOS_DEPLOYMENT_TARGET = 17.5;
				MARKETING_VERSION = 1.0;
				PRODUCT_BUNDLE_IDENTIFIER = com.jbcodeapp.TabBarStoryboardTests;
				PRODUCT_NAME = "$(TARGET_NAME)";
				SWIFT_EMIT_LOC_STRINGS = NO;
				SWIFT_VERSION = 5.0;
				TARGETED_DEVICE_FAMILY = "1,2";
				TEST_HOST = "$(BUILT_PRODUCTS_DIR)/TabBarStoryboard.app/$(BUNDLE_EXECUTABLE_FOLDER_PATH)/TabBarStoryboard";
			};
			name = Release;
		};
		ACF1AC932C8B0AC10067A9AC /* Debug */ = {
			isa = XCBuildConfiguration;
			buildSettings = {
				ALWAYS_EMBED_SWIFT_STANDARD_LIBRARIES = YES;
				CODE_SIGN_STYLE = Automatic;
				CURRENT_PROJECT_VERSION = 1;
				GENERATE_INFOPLIST_FILE = YES;
				MARKETING_VERSION = 1.0;
				PRODUCT_BUNDLE_IDENTIFIER = com.jbcodeapp.TabBarStoryboardUITests;
				PRODUCT_NAME = "$(TARGET_NAME)";
				SWIFT_EMIT_LOC_STRINGS = NO;
				SWIFT_VERSION = 5.0;
				TARGETED_DEVICE_FAMILY = "1,2";
				TEST_TARGET_NAME = TabBarStoryboard;
			};
			name = Debug;
		};
		ACF1AC942C8B0AC10067A9AC /* Release */ = {
			isa = XCBuildConfiguration;
			buildSettings = {
				ALWAYS_EMBED_SWIFT_STANDARD_LIBRARIES = YES;
				CODE_SIGN_STYLE = Automatic;
				CURRENT_PROJECT_VERSION = 1;
				GENERATE_INFOPLIST_FILE = YES;
				MARKETING_VERSION = 1.0;
				PRODUCT_BUNDLE_IDENTIFIER = com.jbcodeapp.TabBarStoryboardUITests;
				PRODUCT_NAME = "$(TARGET_NAME)";
				SWIFT_EMIT_LOC_STRINGS = NO;
				SWIFT_VERSION = 5.0;
				TARGETED_DEVICE_FAMILY = "1,2";
				TEST_TARGET_NAME = TabBarStoryboard;
			};
			name = Release;
		};
/* End XCBuildConfiguration section */

/* Begin XCConfigurationList section */
		ACF1AC5D2C8B0ABF0067A9AC /* Build configuration list for PBXProject "TabBarStoryboard" */ = {
			isa = XCConfigurationList;
			buildConfigurations = (
				ACF1AC8A2C8B0AC10067A9AC /* Debug */,
				ACF1AC8B2C8B0AC10067A9AC /* Release */,
			);
			defaultConfigurationIsVisible = 0;
			defaultConfigurationName = Release;
		};
		ACF1AC8C2C8B0AC10067A9AC /* Build configuration list for PBXNativeTarget "TabBarStoryboard" */ = {
			isa = XCConfigurationList;
			buildConfigurations = (
				ACF1AC8D2C8B0AC10067A9AC /* Debug */,
				ACF1AC8E2C8B0AC10067A9AC /* Release */,
			);
			defaultConfigurationIsVisible = 0;
			defaultConfigurationName = Release;
		};
		ACF1AC8F2C8B0AC10067A9AC /* Build configuration list for PBXNativeTarget "TabBarStoryboardTests" */ = {
			isa = XCConfigurationList;
			buildConfigurations = (
				ACF1AC902C8B0AC10067A9AC /* Debug */,
				ACF1AC912C8B0AC10067A9AC /* Release */,
			);
			defaultConfigurationIsVisible = 0;
			defaultConfigurationName = Release;
		};
		ACF1AC922C8B0AC10067A9AC /* Build configuration list for PBXNativeTarget "TabBarStoryboardUITests" */ = {
			isa = XCConfigurationList;
			buildConfigurations = (
				ACF1AC932C8B0AC10067A9AC /* Debug */,
				ACF1AC942C8B0AC10067A9AC /* Release */,
			);
			defaultConfigurationIsVisible = 0;
			defaultConfigurationName = Release;
		};
/* End XCConfigurationList section */
	};
	rootObject = ACF1AC5A2C8B0ABF0067A9AC /* Project object */;
}
